
Microsoft Visual Studio Solution File, Format Version 12.00
# Visual Studio 15
Project("{FAE04EC0-301F-11D3-BF4B-00C04F79EFBC}") = "CFXREditor", "CFXREditor.csproj", "{C24E1F20-BC35-1D10-AC14-FFF087E73FFE}"
EndProject
Project("{FAE04EC0-301F-11D3-BF4B-00C04F79EFBC}") = "CFXRRuntime", "CFXRRuntime.csproj", "{0CF35BAD-429E-D8D6-3CD4-D5BD8D1B4494}"
EndProject
Project("{FAE04EC0-301F-11D3-BF4B-00C04F79EFBC}") = "Assembly-CSharp", "Assembly-CSharp.csproj", "{16803EE7-5B03-54A6-1DBA-319DC359705F}"
EndProject
Project("{FAE04EC0-301F-11D3-BF4B-00C04F79EFBC}") = "CFXR.WelcomeScreen", "CFXR.WelcomeScreen.csproj", "{93E91B75-8E31-D385-B500-8D0113D3CE7A}"
EndProject
Project("{FAE04EC0-301F-11D3-BF4B-00C04F79EFBC}") = "CFXRDemo", "CFXRDemo.csproj", "{B188CEC3-5988-871A-CFBD-829FF1029079}"
EndProject
Project("{FAE04EC0-301F-11D3-BF4B-00C04F79EFBC}") = "Assembly-CSharp-Editor", "Assembly-CSharp-Editor.csproj", "{7195C549-86CE-8646-5418-6DAD761796BE}"
EndProject
Project("{FAE04EC0-301F-11D3-BF4B-00C04F79EFBC}") = "ToonyColorsPro.Demo.Editor", "ToonyColorsPro.Demo.Editor.csproj", "{C270301C-A7B4-3822-EA0C-F002DCFD75A5}"
EndProject
Project("{FAE04EC0-301F-11D3-BF4B-00C04F79EFBC}") = "KinoBloom.Runtime", "KinoBloom.Runtime.csproj", "{092357DA-B4D1-A311-1866-B9C629AB8B75}"
EndProject
Global
	GlobalSection(SolutionConfigurationPlatforms) = preSolution
		Debug|Any CPU = Debug|Any CPU
		Release|Any CPU = Release|Any CPU
	EndGlobalSection
	GlobalSection(ProjectConfigurationPlatforms) = postSolution
		{C24E1F20-BC35-1D10-AC14-FFF087E73FFE}.Debug|Any CPU.ActiveCfg = Debug|Any CPU
		{C24E1F20-BC35-1D10-AC14-FFF087E73FFE}.Debug|Any CPU.Build.0 = Debug|Any CPU
		{C24E1F20-BC35-1D10-AC14-FFF087E73FFE}.Release|Any CPU.ActiveCfg = Release|Any CPU
		{C24E1F20-BC35-1D10-AC14-FFF087E73FFE}.Release|Any CPU.Build.0 = Release|Any CPU
		{0CF35BAD-429E-D8D6-3CD4-D5BD8D1B4494}.Debug|Any CPU.ActiveCfg = Debug|Any CPU
		{0CF35BAD-429E-D8D6-3CD4-D5BD8D1B4494}.Debug|Any CPU.Build.0 = Debug|Any CPU
		{0CF35BAD-429E-D8D6-3CD4-D5BD8D1B4494}.Release|Any CPU.ActiveCfg = Release|Any CPU
		{0CF35BAD-429E-D8D6-3CD4-D5BD8D1B4494}.Release|Any CPU.Build.0 = Release|Any CPU
		{16803EE7-5B03-54A6-1DBA-319DC359705F}.Debug|Any CPU.ActiveCfg = Debug|Any CPU
		{16803EE7-5B03-54A6-1DBA-319DC359705F}.Debug|Any CPU.Build.0 = Debug|Any CPU
		{16803EE7-5B03-54A6-1DBA-319DC359705F}.Release|Any CPU.ActiveCfg = Release|Any CPU
		{16803EE7-5B03-54A6-1DBA-319DC359705F}.Release|Any CPU.Build.0 = Release|Any CPU
		{93E91B75-8E31-D385-B500-8D0113D3CE7A}.Debug|Any CPU.ActiveCfg = Debug|Any CPU
		{93E91B75-8E31-D385-B500-8D0113D3CE7A}.Debug|Any CPU.Build.0 = Debug|Any CPU
		{93E91B75-8E31-D385-B500-8D0113D3CE7A}.Release|Any CPU.ActiveCfg = Release|Any CPU
		{93E91B75-8E31-D385-B500-8D0113D3CE7A}.Release|Any CPU.Build.0 = Release|Any CPU
		{B188CEC3-5988-871A-CFBD-829FF1029079}.Debug|Any CPU.ActiveCfg = Debug|Any CPU
		{B188CEC3-5988-871A-CFBD-829FF1029079}.Debug|Any CPU.Build.0 = Debug|Any CPU
		{B188CEC3-5988-871A-CFBD-829FF1029079}.Release|Any CPU.ActiveCfg = Release|Any CPU
		{B188CEC3-5988-871A-CFBD-829FF1029079}.Release|Any CPU.Build.0 = Release|Any CPU
		{7195C549-86CE-8646-5418-6DAD761796BE}.Debug|Any CPU.ActiveCfg = Debug|Any CPU
		{7195C549-86CE-8646-5418-6DAD761796BE}.Debug|Any CPU.Build.0 = Debug|Any CPU
		{7195C549-86CE-8646-5418-6DAD761796BE}.Release|Any CPU.ActiveCfg = Release|Any CPU
		{7195C549-86CE-8646-5418-6DAD761796BE}.Release|Any CPU.Build.0 = Release|Any CPU
		{C270301C-A7B4-3822-EA0C-F002DCFD75A5}.Debug|Any CPU.ActiveCfg = Debug|Any CPU
		{C270301C-A7B4-3822-EA0C-F002DCFD75A5}.Debug|Any CPU.Build.0 = Debug|Any CPU
		{C270301C-A7B4-3822-EA0C-F002DCFD75A5}.Release|Any CPU.ActiveCfg = Release|Any CPU
		{C270301C-A7B4-3822-EA0C-F002DCFD75A5}.Release|Any CPU.Build.0 = Release|Any CPU
		{092357DA-B4D1-A311-1866-B9C629AB8B75}.Debug|Any CPU.ActiveCfg = Debug|Any CPU
		{092357DA-B4D1-A311-1866-B9C629AB8B75}.Debug|Any CPU.Build.0 = Debug|Any CPU
		{092357DA-B4D1-A311-1866-B9C629AB8B75}.Release|Any CPU.ActiveCfg = Release|Any CPU
		{092357DA-B4D1-A311-1866-B9C629AB8B75}.Release|Any CPU.Build.0 = Release|Any CPU
	EndGlobalSection
	GlobalSection(SolutionProperties) = preSolution
		HideSolutionNode = FALSE
	EndGlobalSection
EndGlobal
